{
  "nodes": {
    "assistant": {
      "locked": {
        "lastModified": 1781645527,
        "narHash": "sha256-erulPnEtdcizoyyUxkXZ/jQR/bcBw+nqtS8Dp4rM0T8=",
        "owner": "trnila",
        "repo": "assistant",
        "rev": "853c80ac73c7ee70f9c6ea627590399742887243",
        "type": "github"
      },
      "original": {
        "owner": "trnila",
        "repo": "assistant",
        "type": "github"
      }
    },
    "nextbike": {
      "inputs": {
        "nixpkgs": "nixpkgs"
      },
      "locked": {
        "lastModified": 1780736212,
        "narHash": "sha256-Ynw48XA1h/XtibdpZWhQc1JqSn+xvNxgrusLGtTABa8=",
        "owner": "trnila",
        "repo": "nextbike_rides_viewer",
        "rev": "1e6b5a14a56c0c557bfb3f17af0f0ecb2bc683ef",
        "type": "github"
      },
      "original": {
        "owner": "trnila",
        "repo": "nextbike_rides_viewer",
        "type": "github"
      }
    },
    "nixpkgs": {
      "locked": {
        "lastModified": 1779560665,
        "narHash": "sha256-tpyBcxPpcQb8ukyNF7DoCwfSY3VPsxHoYwj00Cayv5o=",
        "owner": "NixOS",
        "repo": "nixpkgs",
        "rev": "64c08a7ca051951c8eae34e3e3cb1e202fe36786",
        "type": "github"
      },
      "original": {
        "owner": "NixOS",
        "ref": "nixos-unstable",
        "repo": "nixpkgs",
        "type": "github"
      }
    },
    "nixpkgs_2": {
      "locked": {
        "lastModified": 1779560665,
        "narHash": "sha256-tpyBcxPpcQb8ukyNF7DoCwfSY3VPsxHoYwj00Cayv5o=",
        "owner": "NixOS",
        "repo": "nixpkgs",
        "rev": "64c08a7ca051951c8eae34e3e3cb1e202fe36786",
        "type": "github"
      },
      "original": {
        "owner": "NixOS",
        "ref": "nixos-unstable",
        "repo": "nixpkgs",
        "type": "github"
      }
    },
    "root": {
      "inputs": {
        "assistant": "assistant",
        "nextbike": "nextbike",
        "nixpkgs": "nixpkgs_2"
      }
    }
  },
  "root": "root",
  "version": 7
}
